
Microsoft Visual Studio Solution File, Format Version 12.00
Project("{FAE04EC0-301F-11D3-BF4B-00C04F79EFBC}") = "Kerem.MathGame", "Kerem.MathGame\Kerem.MathGame.csproj", "{0DA1B372-92BF-4B73-8081-BDE66342919F}"
EndProject
Global
	GlobalSection(SolutionConfigurationPlatforms) = preSolution
		Debug|Any CPU = Debug|Any CPU
		Release|Any CPU = Release|Any CPU
	EndGlobalSection
	GlobalSection(ProjectConfigurationPlatforms) = postSolution
		{0DA1B372-92BF-4B73-8081-BDE66342919F}.Debug|Any CPU.ActiveCfg = Debug|Any CPU
		{0DA1B372-92BF-4B73-8081-BDE66342919F}.Debug|Any CPU.Build.0 = Debug|Any CPU
		{0DA1B372-92BF-4B73-8081-BDE66342919F}.Release|Any CPU.ActiveCfg = Release|Any CPU
		{0DA1B372-92BF-4B73-8081-BDE66342919F}.Release|Any CPU.Build.0 = Release|Any CPU
	EndGlobalSection
EndGlobal
